// !$*UTF8*$!
{
	archiveVersion = 1;
	classes = {
	};
	objectVersion = 46;
	objects = {

/* Begin PBXBuildFile section */
		711B35B71C6CC45A0038939D /* main.swift in Sources */ = {isa = PBXBuildFile; fileRef = 711B35B61C6CC45A0038939D /* main.swift */; };
		711B35BE1C6CC46C0038939D /* Helper.swift in Sources */ = {isa = PBXBuildFile; fileRef = 711B35BD1C6CC46C0038939D /* Helper.swift */; };
/* End PBXBuildFile section */

/* Begin PBXCopyFilesBuildPhase section */
		711B35B11C6CC45A0038939D /* CopyFiles */ = {
			isa = PBXCopyFilesBuildPhase;
			buildActionMask = 2147483647;
			dstPath = /usr/share/man/man1/;
			dstSubfolderSpec = 0;
			files = (
			);
			runOnlyForDeploymentPostprocessing = 1;
		};
/* End PBXCopyFilesBuildPhase section */

/* Begin PBXFileReference section */
		711B35B31C6CC45A0038939D /* CommandLineSwift */ = {isa = PBXFileReference; explicitFileType = "compiled.mach-o.executable"; includeInIndex = 0; path = CommandLineSwift; sourceTree = BUILT_PRODUCTS_DIR; };
		711B35B61C6CC45A0038939D /* main.swift */ = {isa = PBXFileReference; lastKnownFileType = sourcecode.swift; path = main.swift; sourceTree = "<group>"; };
		711B35BD1C6CC46C0038939D /* Helper.swift */ = {isa = PBXFileReference; fileEncoding = 4; lastKnownFileType = sourcecode.swift; path = Helper.swift; sourceTree = "<group>"; };
/* End PBXFileReference section */

/* Begin PBXFrameworksBuildPhase section */
		711B35B01C6CC45A0038939D /* Frameworks */ = {
			isa = PBXFrameworksBuildPhase;
			buildActionMask = 2147483647;
			files = (
			);
			runOnlyForDeploymentPostprocessing = 0;
		};
/* End PBXFrameworksBuildPhase section */

/* Begin PBXGroup section */
		711B35AA1C6CC45A0038939D = {
			isa = PBXGroup;
			children = (
				711B35B51C6CC45A0038939D /* CommandLineSwift */,
				711B35B41C6CC45A0038939D /* Products */,
			);
			sourceTree = "<group>";
		};
		711B35B41C6CC45A0038939D /* Products */ = {
			isa = PBXGroup;
			children = (
				711B35B31C6CC45A0038939D /* CommandLineSwift */,
			);
			name = Products;
			sourceTree = "<group>";
		};
		711B35B51C6CC45A0038939D /* CommandLineSwift */ = {
			isa = PBXGroup;
			children = (
				711B35B61C6CC45A0038939D /* main.swift */,
				711B35BD1C6CC46C0038939D /* Helper.swift */,
			);
			path = CommandLineSwift;
			sourceTree = "<group>";
		};
/* End PBXGroup section */

/* Begin PBXNativeTarget section */
		711B35B21C6CC45A0038939D /* CommandLineSwift */ = {
			isa = PBXNativeTarget;
			buildConfigurationList = 711B35BA1C6CC45A0038939D /* Build configuration list for PBXNativeTarget "CommandLineSwift" */;
			buildPhases = (
				711B35AF1C6CC45A0038939D /* Sources */,
				711B35B01C6CC45A0038939D /* Frameworks */,
				711B35B11C6CC45A0038939D /* CopyFiles */,
			);
			buildRules = (
			);
			dependencies = (
			);
			name = CommandLineSwift;
			productName = CommandLineSwift;
			productReference = 711B35B31C6CC45A0038939D /* CommandLineSwift */;
			productType = "com.apple.product-type.tool";
		};
/* End PBXNativeTarget section */

/* Begin PBXProject section */
		711B35AB1C6CC45A0038939D /* Project object */ = {
			isa = PBXProject;
			attributes = {
				LastSwiftUpdateCheck = 0720;
				LastUpgradeCheck = 0720;
				ORGANIZATIONNAME = "Oracle Inc.";
				TargetAttributes = {
					711B35B21C6CC45A0038939D = {
						CreatedOnToolsVersion = 7.2;
					};
				};
			};
			buildConfigurationList = 711B35AE1C6CC45A0038939D /* Build configuration list for PBXProject "CommandLineSwift" */;
			compatibilityVersion = "Xcode 3.2";
			developmentRegion = English;
			hasScannedForEncodings = 0;
			knownRegions = (
				en,
			);
			mainGroup = 711B35AA1C6CC45A0038939D;
			productRefGroup = 711B35B41C6CC45A0038939D /* Products */;
			projectDirPath = "";
			projectRoot = "";
			targets = (
				711B35B21C6CC45A0038939D /* CommandLineSwift */,
			);
		};
/* End PBXProject section */

/* Begin PBXSourcesBuildPhase section */
		711B35AF1C6CC45A0038939D /* Sources */ = {
			isa = PBXSourcesBuildPhase;
			buildActionMask = 2147483647;
			files = (
				711B35B71C6CC45A0038939D /* main.swift in Sources */,
				711B35BE1C6CC46C0038939D /* Helper.swift in Sources */,
			);
			runOnlyForDeploymentPostprocessing = 0;
		};
/* End PBXSourcesBuildPhase section */

/* Begin XCBuildConfiguration section */
		711B35B81C6CC45A0038939D /* Debug */ = {
			isa = XCBuildConfiguration;
			buildSettings = {
				ALWAYS_SEARCH_USER_PATHS = NO;
				CLANG_CXX_LANGUAGE_STANDARD = "gnu++0x";
				CLANG_CXX_LIBRARY = "libc++";
				CLANG_ENABLE_MODULES = YES;
				CLANG_ENABLE_OBJC_ARC = YES;
				CLANG_WARN_BOOL_CONVERSION = YES;
				CLANG_WARN_CONSTANT_CONVERSION = YES;
				CLANG_WARN_DIRECT_OBJC_ISA_USAGE = YES_ERROR;
				CLANG_WARN_EMPTY_BODY = YES;
				CLANG_WARN_ENUM_CONVERSION = YES;
				CLANG_WARN_INT_CONVERSION = YES;
				CLANG_WARN_OBJC_ROOT_CLASS = YES_ERROR;
				CLANG_WARN_UNREACHABLE_CODE = YES;
				CLANG_WARN__DUPLICATE_METHOD_MATCH = YES;
				CODE_SIGN_IDENTITY = "-";
				COPY_PHASE_STRIP = NO;
				DEBUG_INFORMATION_FORMAT = dwarf;
				ENABLE_STRICT_OBJC_MSGSEND = YES;
				ENABLE_TESTABILITY = YES;
				GCC_C_LANGUAGE_STANDARD = gnu99;
				GCC_DYNAMIC_NO_PIC = NO;
				GCC_NO_COMMON_BLOCKS = YES;
				GCC_OPTIMIZATION_LEVEL = 0;
				GCC_PREPROCESSOR_DEFINITIONS = (
					"DEBUG=1",
					"$(inherited)",
				);
				GCC_WARN_64_TO_32_BIT_CONVERSION = YES;
				GCC_WARN_ABOUT_RETURN_TYPE = YES_ERROR;
				GCC_WARN_UNDECLARED_SELECTOR = YES;
				GCC_WARN_UNINITIALIZED_AUTOS = YES_AGGRESSIVE;
				GCC_WARN_UNUSED_FUNCTION = YES;
				GCC_WARN_UNUSED_VARIABLE = YES;
				MACOSX_DEPLOYMENT_TARGET = 10.11;
				MTL_ENABLE_DEBUG_INFO = YES;
				ONLY_ACTIVE_ARCH = YES;
				SDKROOT = macosx;
				SWIFT_OPTIMIZATION_LEVEL = "-Onone";
			};
			name = Debug;
		};
		711B35B91C6CC45A0038939D /* Release */ = {
			isa = XCBuildConfiguration;
			buildSettings = {
				ALWAYS_SEARCH_USER_PATHS = NO;
				CLANG_CXX_LANGUAGE_STANDARD = "gnu++0x";
				CLANG_CXX_LIBRARY = "libc++";
				CLANG_ENABLE_MODULES = YES;
				CLANG_ENABLE_OBJC_ARC = YES;
				CLANG_WARN_BOOL_CONVERSION = YES;
				CLANG_WARN_CONSTANT_CONVERSION = YES;
				CLANG_WARN_DIRECT_OBJC_ISA_USAGE = YES_ERROR;
				CLANG_WARN_EMPTY_BODY = YES;
				CLANG_WARN_ENUM_CONVERSION = YES;
				CLANG_WARN_INT_CONVERSION = YES;
				CLANG_WARN_OBJC_ROOT_CLASS = YES_ERROR;
				CLANG_WARN_UNREACHABLE_CODE = YES;
				CLANG_WARN__DUPLICATE_METHOD_MATCH = YES;
				CODE_SIGN_IDENTITY = "-";
				COPY_PHASE_STRIP = NO;
				DEBUG_INFORMATION_FORMAT = "dwarf-with-dsym";
				ENABLE_NS_ASSERTIONS = NO;
				ENABLE_STRICT_OBJC_MSGSEND = YES;
				GCC_C_LANGUAGE_STANDARD = gnu99;
				GCC_NO_COMMON_BLOCKS = YES;
				GCC_WARN_64_TO_32_BIT_CONVERSION = YES;
				GCC_WARN_ABOUT_RETURN_TYPE = YES_ERROR;
				GCC_WARN_UNDECLARED_SELECTOR = YES;
				GCC_WARN_UNINITIALIZED_AUTOS = YES_AGGRESSIVE;
				GCC_WARN_UNUSED_FUNCTION = YES;
				GCC_WARN_UNUSED_VARIABLE = YES;
				MACOSX_DEPLOYMENT_TARGET = 10.11;
				MTL_ENABLE_DEBUG_INFO = NO;
				SDKROOT = macosx;
			};
			name = Release;
		};
		711B35BB1C6CC45A0038939D /* Debug */ = {
			isa = XCBuildConfiguration;
			buildSettings = {
				PRODUCT_NAME = "$(TARGET_NAME)";
			};
			name = Debug;
		};
		711B35BC1C6CC45A0038939D /* Release */ = {
			isa = XCBuildConfiguration;
			buildSettings = {
				PRODUCT_NAME = "$(TARGET_NAME)";
			};
			name = Release;
		};
/* End XCBuildConfiguration section */

/* Begin XCConfigurationList section */
		711B35AE1C6CC45A0038939D /* Build configuration list for PBXProject "CommandLineSwift" */ = {
			isa = XCConfigurationList;
			buildConfigurations = (
				711B35B81C6CC45A0038939D /* Debug */,
				711B35B91C6CC45A0038939D /* Release */,
			);
			defaultConfigurationIsVisible = 0;
			defaultConfigurationName = Release;
		};
		711B35BA1C6CC45A0038939D /* Build configuration list for PBXNativeTarget "CommandLineSwift" */ = {
			isa = XCConfigurationList;
			buildConfigurations = (
				711B35BB1C6CC45A0038939D /* Debug */,
				711B35BC1C6CC45A0038939D /* Release */,
			);
			defaultConfigurationIsVisible = 0;
		};
/* End XCConfigurationList section */
	};
	rootObject = 711B35AB1C6CC45A0038939D /* Project object */;
}
