// !$*UTF8*$!
{
	archiveVersion = 1;
	classes = {
	};
	objectVersion = 46;
	objects = {

/* Begin PBXBuildFile section */
		71D712101C63574A0056C970 /* AppDelegate.swift in Sources */ = {isa = PBXBuildFile; fileRef = 71D7120F1C63574A0056C970 /* AppDelegate.swift */; };
		71D712121C63574A0056C970 /* ViewController.swift in Sources */ = {isa = PBXBuildFile; fileRef = 71D712111C63574A0056C970 /* ViewController.swift */; };
		71D712151C63574A0056C970 /* Main.storyboard in Resources */ = {isa = PBXBuildFile; fileRef = 71D712131C63574A0056C970 /* Main.storyboard */; };
		71D712171C63574A0056C970 /* Assets.xcassets in Resources */ = {isa = PBXBuildFile; fileRef = 71D712161C63574A0056C970 /* Assets.xcassets */; };
		71D7121A1C63574A0056C970 /* LaunchScreen.storyboard in Resources */ = {isa = PBXBuildFile; fileRef = 71D712181C63574A0056C970 /* LaunchScreen.storyboard */; };
		71D712251C63574A0056C970 /* SwiftMovieCrawlerTests.swift in Sources */ = {isa = PBXBuildFile; fileRef = 71D712241C63574A0056C970 /* SwiftMovieCrawlerTests.swift */; };
		71D712301C63574A0056C970 /* SwiftMovieCrawlerUITests.swift in Sources */ = {isa = PBXBuildFile; fileRef = 71D7122F1C63574A0056C970 /* SwiftMovieCrawlerUITests.swift */; };
		71D7123E1C6357D80056C970 /* MovieConnector.swift in Sources */ = {isa = PBXBuildFile; fileRef = 71D7123D1C6357D80056C970 /* MovieConnector.swift */; };
/* End PBXBuildFile section */

/* Begin PBXContainerItemProxy section */
		71D712211C63574A0056C970 /* PBXContainerItemProxy */ = {
			isa = PBXContainerItemProxy;
			containerPortal = 71D712041C63574A0056C970 /* Project object */;
			proxyType = 1;
			remoteGlobalIDString = 71D7120B1C63574A0056C970;
			remoteInfo = SwiftMovieCrawler;
		};
		71D7122C1C63574A0056C970 /* PBXContainerItemProxy */ = {
			isa = PBXContainerItemProxy;
			containerPortal = 71D712041C63574A0056C970 /* Project object */;
			proxyType = 1;
			remoteGlobalIDString = 71D7120B1C63574A0056C970;
			remoteInfo = SwiftMovieCrawler;
		};
/* End PBXContainerItemProxy section */

/* Begin PBXFileReference section */
		71D7120C1C63574A0056C970 /* SwiftMovieCrawler.app */ = {isa = PBXFileReference; explicitFileType = wrapper.application; includeInIndex = 0; path = SwiftMovieCrawler.app; sourceTree = BUILT_PRODUCTS_DIR; };
		71D7120F1C63574A0056C970 /* AppDelegate.swift */ = {isa = PBXFileReference; lastKnownFileType = sourcecode.swift; path = AppDelegate.swift; sourceTree = "<group>"; };
		71D712111C63574A0056C970 /* ViewController.swift */ = {isa = PBXFileReference; lastKnownFileType = sourcecode.swift; path = ViewController.swift; sourceTree = "<group>"; };
		71D712141C63574A0056C970 /* Base */ = {isa = PBXFileReference; lastKnownFileType = file.storyboard; name = Base; path = Base.lproj/Main.storyboard; sourceTree = "<group>"; };
		71D712161C63574A0056C970 /* Assets.xcassets */ = {isa = PBXFileReference; lastKnownFileType = folder.assetcatalog; path = Assets.xcassets; sourceTree = "<group>"; };
		71D712191C63574A0056C970 /* Base */ = {isa = PBXFileReference; lastKnownFileType = file.storyboard; name = Base; path = Base.lproj/LaunchScreen.storyboard; sourceTree = "<group>"; };
		71D7121B1C63574A0056C970 /* Info.plist */ = {isa = PBXFileReference; lastKnownFileType = text.plist.xml; path = Info.plist; sourceTree = "<group>"; };
		71D712201C63574A0056C970 /* SwiftMovieCrawlerTests.xctest */ = {isa = PBXFileReference; explicitFileType = wrapper.cfbundle; includeInIndex = 0; path = SwiftMovieCrawlerTests.xctest; sourceTree = BUILT_PRODUCTS_DIR; };
		71D712241C63574A0056C970 /* SwiftMovieCrawlerTests.swift */ = {isa = PBXFileReference; lastKnownFileType = sourcecode.swift; path = SwiftMovieCrawlerTests.swift; sourceTree = "<group>"; };
		71D712261C63574A0056C970 /* Info.plist */ = {isa = PBXFileReference; lastKnownFileType = text.plist.xml; path = Info.plist; sourceTree = "<group>"; };
		71D7122B1C63574A0056C970 /* SwiftMovieCrawlerUITests.xctest */ = {isa = PBXFileReference; explicitFileType = wrapper.cfbundle; includeInIndex = 0; path = SwiftMovieCrawlerUITests.xctest; sourceTree = BUILT_PRODUCTS_DIR; };
		71D7122F1C63574A0056C970 /* SwiftMovieCrawlerUITests.swift */ = {isa = PBXFileReference; lastKnownFileType = sourcecode.swift; path = SwiftMovieCrawlerUITests.swift; sourceTree = "<group>"; };
		71D712311C63574A0056C970 /* Info.plist */ = {isa = PBXFileReference; lastKnownFileType = text.plist.xml; path = Info.plist; sourceTree = "<group>"; };
		71D7123D1C6357D80056C970 /* MovieConnector.swift */ = {isa = PBXFileReference; fileEncoding = 4; lastKnownFileType = sourcecode.swift; path = MovieConnector.swift; sourceTree = "<group>"; };
/* End PBXFileReference section */

/* Begin PBXFrameworksBuildPhase section */
		71D712091C63574A0056C970 /* Frameworks */ = {
			isa = PBXFrameworksBuildPhase;
			buildActionMask = 2147483647;
			files = (
			);
			runOnlyForDeploymentPostprocessing = 0;
		};
		71D7121D1C63574A0056C970 /* Frameworks */ = {
			isa = PBXFrameworksBuildPhase;
			buildActionMask = 2147483647;
			files = (
			);
			runOnlyForDeploymentPostprocessing = 0;
		};
		71D712281C63574A0056C970 /* Frameworks */ = {
			isa = PBXFrameworksBuildPhase;
			buildActionMask = 2147483647;
			files = (
			);
			runOnlyForDeploymentPostprocessing = 0;
		};
/* End PBXFrameworksBuildPhase section */

/* Begin PBXGroup section */
		71D712031C63574A0056C970 = {
			isa = PBXGroup;
			children = (
				71D7120E1C63574A0056C970 /* SwiftMovieCrawler */,
				71D712231C63574A0056C970 /* SwiftMovieCrawlerTests */,
				71D7122E1C63574A0056C970 /* SwiftMovieCrawlerUITests */,
				71D7120D1C63574A0056C970 /* Products */,
			);
			sourceTree = "<group>";
		};
		71D7120D1C63574A0056C970 /* Products */ = {
			isa = PBXGroup;
			children = (
				71D7120C1C63574A0056C970 /* SwiftMovieCrawler.app */,
				71D712201C63574A0056C970 /* SwiftMovieCrawlerTests.xctest */,
				71D7122B1C63574A0056C970 /* SwiftMovieCrawlerUITests.xctest */,
			);
			name = Products;
			sourceTree = "<group>";
		};
		71D7120E1C63574A0056C970 /* SwiftMovieCrawler */ = {
			isa = PBXGroup;
			children = (
				71D7120F1C63574A0056C970 /* AppDelegate.swift */,
				71D712111C63574A0056C970 /* ViewController.swift */,
				71D712131C63574A0056C970 /* Main.storyboard */,
				71D712161C63574A0056C970 /* Assets.xcassets */,
				71D712181C63574A0056C970 /* LaunchScreen.storyboard */,
				71D7121B1C63574A0056C970 /* Info.plist */,
				71D7123D1C6357D80056C970 /* MovieConnector.swift */,
			);
			path = SwiftMovieCrawler;
			sourceTree = "<group>";
		};
		71D712231C63574A0056C970 /* SwiftMovieCrawlerTests */ = {
			isa = PBXGroup;
			children = (
				71D712241C63574A0056C970 /* SwiftMovieCrawlerTests.swift */,
				71D712261C63574A0056C970 /* Info.plist */,
			);
			path = SwiftMovieCrawlerTests;
			sourceTree = "<group>";
		};
		71D7122E1C63574A0056C970 /* SwiftMovieCrawlerUITests */ = {
			isa = PBXGroup;
			children = (
				71D7122F1C63574A0056C970 /* SwiftMovieCrawlerUITests.swift */,
				71D712311C63574A0056C970 /* Info.plist */,
			);
			path = SwiftMovieCrawlerUITests;
			sourceTree = "<group>";
		};
/* End PBXGroup section */

/* Begin PBXNativeTarget section */
		71D7120B1C63574A0056C970 /* SwiftMovieCrawler */ = {
			isa = PBXNativeTarget;
			buildConfigurationList = 71D712341C63574A0056C970 /* Build configuration list for PBXNativeTarget "SwiftMovieCrawler" */;
			buildPhases = (
				71D712081C63574A0056C970 /* Sources */,
				71D712091C63574A0056C970 /* Frameworks */,
				71D7120A1C63574A0056C970 /* Resources */,
			);
			buildRules = (
			);
			dependencies = (
			);
			name = SwiftMovieCrawler;
			productName = SwiftMovieCrawler;
			productReference = 71D7120C1C63574A0056C970 /* SwiftMovieCrawler.app */;
			productType = "com.apple.product-type.application";
		};
		71D7121F1C63574A0056C970 /* SwiftMovieCrawlerTests */ = {
			isa = PBXNativeTarget;
			buildConfigurationList = 71D712371C63574A0056C970 /* Build configuration list for PBXNativeTarget "SwiftMovieCrawlerTests" */;
			buildPhases = (
				71D7121C1C63574A0056C970 /* Sources */,
				71D7121D1C63574A0056C970 /* Frameworks */,
				71D7121E1C63574A0056C970 /* Resources */,
			);
			buildRules = (
			);
			dependencies = (
				71D712221C63574A0056C970 /* PBXTargetDependency */,
			);
			name = SwiftMovieCrawlerTests;
			productName = SwiftMovieCrawlerTests;
			productReference = 71D712201C63574A0056C970 /* SwiftMovieCrawlerTests.xctest */;
			productType = "com.apple.product-type.bundle.unit-test";
		};
		71D7122A1C63574A0056C970 /* SwiftMovieCrawlerUITests */ = {
			isa = PBXNativeTarget;
			buildConfigurationList = 71D7123A1C63574A0056C970 /* Build configuration list for PBXNativeTarget "SwiftMovieCrawlerUITests" */;
			buildPhases = (
				71D712271C63574A0056C970 /* Sources */,
				71D712281C63574A0056C970 /* Frameworks */,
				71D712291C63574A0056C970 /* Resources */,
			);
			buildRules = (
			);
			dependencies = (
				71D7122D1C63574A0056C970 /* PBXTargetDependency */,
			);
			name = SwiftMovieCrawlerUITests;
			productName = SwiftMovieCrawlerUITests;
			productReference = 71D7122B1C63574A0056C970 /* SwiftMovieCrawlerUITests.xctest */;
			productType = "com.apple.product-type.bundle.ui-testing";
		};
/* End PBXNativeTarget section */

/* Begin PBXProject section */
		71D712041C63574A0056C970 /* Project object */ = {
			isa = PBXProject;
			attributes = {
				LastSwiftUpdateCheck = 0720;
				LastUpgradeCheck = 0720;
				ORGANIZATIONNAME = Upendra;
				TargetAttributes = {
					71D7120B1C63574A0056C970 = {
						CreatedOnToolsVersion = 7.2;
					};
					71D7121F1C63574A0056C970 = {
						CreatedOnToolsVersion = 7.2;
						TestTargetID = 71D7120B1C63574A0056C970;
					};
					71D7122A1C63574A0056C970 = {
						CreatedOnToolsVersion = 7.2;
						TestTargetID = 71D7120B1C63574A0056C970;
					};
				};
			};
			buildConfigurationList = 71D712071C63574A0056C970 /* Build configuration list for PBXProject "SwiftMovieCrawler" */;
			compatibilityVersion = "Xcode 3.2";
			developmentRegion = English;
			hasScannedForEncodings = 0;
			knownRegions = (
				en,
				Base,
			);
			mainGroup = 71D712031C63574A0056C970;
			productRefGroup = 71D7120D1C63574A0056C970 /* Products */;
			projectDirPath = "";
			projectRoot = "";
			targets = (
				71D7120B1C63574A0056C970 /* SwiftMovieCrawler */,
				71D7121F1C63574A0056C970 /* SwiftMovieCrawlerTests */,
				71D7122A1C63574A0056C970 /* SwiftMovieCrawlerUITests */,
			);
		};
/* End PBXProject section */

/* Begin PBXResourcesBuildPhase section */
		71D7120A1C63574A0056C970 /* Resources */ = {
			isa = PBXResourcesBuildPhase;
			buildActionMask = 2147483647;
			files = (
				71D7121A1C63574A0056C970 /* LaunchScreen.storyboard in Resources */,
				71D712171C63574A0056C970 /* Assets.xcassets in Resources */,
				71D712151C63574A0056C970 /* Main.storyboard in Resources */,
			);
			runOnlyForDeploymentPostprocessing = 0;
		};
		71D7121E1C63574A0056C970 /* Resources */ = {
			isa = PBXResourcesBuildPhase;
			buildActionMask = 2147483647;
			files = (
			);
			runOnlyForDeploymentPostprocessing = 0;
		};
		71D712291C63574A0056C970 /* Resources */ = {
			isa = PBXResourcesBuildPhase;
			buildActionMask = 2147483647;
			files = (
			);
			runOnlyForDeploymentPostprocessing = 0;
		};
/* End PBXResourcesBuildPhase section */

/* Begin PBXSourcesBuildPhase section */
		71D712081C63574A0056C970 /* Sources */ = {
			isa = PBXSourcesBuildPhase;
			buildActionMask = 2147483647;
			files = (
				71D712121C63574A0056C970 /* ViewController.swift in Sources */,
				71D7123E1C6357D80056C970 /* MovieConnector.swift in Sources */,
				71D712101C63574A0056C970 /* AppDelegate.swift in Sources */,
			);
			runOnlyForDeploymentPostprocessing = 0;
		};
		71D7121C1C63574A0056C970 /* Sources */ = {
			isa = PBXSourcesBuildPhase;
			buildActionMask = 2147483647;
			files = (
				71D712251C63574A0056C970 /* SwiftMovieCrawlerTests.swift in Sources */,
			);
			runOnlyForDeploymentPostprocessing = 0;
		};
		71D712271C63574A0056C970 /* Sources */ = {
			isa = PBXSourcesBuildPhase;
			buildActionMask = 2147483647;
			files = (
				71D712301C63574A0056C970 /* SwiftMovieCrawlerUITests.swift in Sources */,
			);
			runOnlyForDeploymentPostprocessing = 0;
		};
/* End PBXSourcesBuildPhase section */

/* Begin PBXTargetDependency section */
		71D712221C63574A0056C970 /* PBXTargetDependency */ = {
			isa = PBXTargetDependency;
			target = 71D7120B1C63574A0056C970 /* SwiftMovieCrawler */;
			targetProxy = 71D712211C63574A0056C970 /* PBXContainerItemProxy */;
		};
		71D7122D1C63574A0056C970 /* PBXTargetDependency */ = {
			isa = PBXTargetDependency;
			target = 71D7120B1C63574A0056C970 /* SwiftMovieCrawler */;
			targetProxy = 71D7122C1C63574A0056C970 /* PBXContainerItemProxy */;
		};
/* End PBXTargetDependency section */

/* Begin PBXVariantGroup section */
		71D712131C63574A0056C970 /* Main.storyboard */ = {
			isa = PBXVariantGroup;
			children = (
				71D712141C63574A0056C970 /* Base */,
			);
			name = Main.storyboard;
			sourceTree = "<group>";
		};
		71D712181C63574A0056C970 /* LaunchScreen.storyboard */ = {
			isa = PBXVariantGroup;
			children = (
				71D712191C63574A0056C970 /* Base */,
			);
			name = LaunchScreen.storyboard;
			sourceTree = "<group>";
		};
/* End PBXVariantGroup section */

/* Begin XCBuildConfiguration section */
		71D712321C63574A0056C970 /* Debug */ = {
			isa = XCBuildConfiguration;
			buildSettings = {
				ALWAYS_SEARCH_USER_PATHS = NO;
				CLANG_CXX_LANGUAGE_STANDARD = "gnu++0x";
				CLANG_CXX_LIBRARY = "libc++";
				CLANG_ENABLE_MODULES = YES;
				CLANG_ENABLE_OBJC_ARC = YES;
				CLANG_WARN_BOOL_CONVERSION = YES;
				CLANG_WARN_CONSTANT_CONVERSION = YES;
				CLANG_WARN_DIRECT_OBJC_ISA_USAGE = YES_ERROR;
				CLANG_WARN_EMPTY_BODY = YES;
				CLANG_WARN_ENUM_CONVERSION = YES;
				CLANG_WARN_INT_CONVERSION = YES;
				CLANG_WARN_OBJC_ROOT_CLASS = YES_ERROR;
				CLANG_WARN_UNREACHABLE_CODE = YES;
				CLANG_WARN__DUPLICATE_METHOD_MATCH = YES;
				"CODE_SIGN_IDENTITY[sdk=iphoneos*]" = "iPhone Developer";
				COPY_PHASE_STRIP = NO;
				DEBUG_INFORMATION_FORMAT = dwarf;
				ENABLE_STRICT_OBJC_MSGSEND = YES;
				ENABLE_TESTABILITY = YES;
				GCC_C_LANGUAGE_STANDARD = gnu99;
				GCC_DYNAMIC_NO_PIC = NO;
				GCC_NO_COMMON_BLOCKS = YES;
				GCC_OPTIMIZATION_LEVEL = 0;
				GCC_PREPROCESSOR_DEFINITIONS = (
					"DEBUG=1",
					"$(inherited)",
				);
				GCC_WARN_64_TO_32_BIT_CONVERSION = YES;
				GCC_WARN_ABOUT_RETURN_TYPE = YES_ERROR;
				GCC_WARN_UNDECLARED_SELECTOR = YES;
				GCC_WARN_UNINITIALIZED_AUTOS = YES_AGGRESSIVE;
				GCC_WARN_UNUSED_FUNCTION = YES;
				GCC_WARN_UNUSED_VARIABLE = YES;
				IPHONEOS_DEPLOYMENT_TARGET = 9.2;
				MTL_ENABLE_DEBUG_INFO = YES;
				ONLY_ACTIVE_ARCH = YES;
				SDKROOT = iphoneos;
				SWIFT_OPTIMIZATION_LEVEL = "-Onone";
				TARGETED_DEVICE_FAMILY = "1,2";
			};
			name = Debug;
		};
		71D712331C63574A0056C970 /* Release */ = {
			isa = XCBuildConfiguration;
			buildSettings = {
				ALWAYS_SEARCH_USER_PATHS = NO;
				CLANG_CXX_LANGUAGE_STANDARD = "gnu++0x";
				CLANG_CXX_LIBRARY = "libc++";
				CLANG_ENABLE_MODULES = YES;
				CLANG_ENABLE_OBJC_ARC = YES;
				CLANG_WARN_BOOL_CONVERSION = YES;
				CLANG_WARN_CONSTANT_CONVERSION = YES;
				CLANG_WARN_DIRECT_OBJC_ISA_USAGE = YES_ERROR;
				CLANG_WARN_EMPTY_BODY = YES;
				CLANG_WARN_ENUM_CONVERSION = YES;
				CLANG_WARN_INT_CONVERSION = YES;
				CLANG_WARN_OBJC_ROOT_CLASS = YES_ERROR;
				CLANG_WARN_UNREACHABLE_CODE = YES;
				CLANG_WARN__DUPLICATE_METHOD_MATCH = YES;
				"CODE_SIGN_IDENTITY[sdk=iphoneos*]" = "iPhone Developer";
				COPY_PHASE_STRIP = NO;
				DEBUG_INFORMATION_FORMAT = "dwarf-with-dsym";
				ENABLE_NS_ASSERTIONS = NO;
				ENABLE_STRICT_OBJC_MSGSEND = YES;
				GCC_C_LANGUAGE_STANDARD = gnu99;
				GCC_NO_COMMON_BLOCKS = YES;
				GCC_WARN_64_TO_32_BIT_CONVERSION = YES;
				GCC_WARN_ABOUT_RETURN_TYPE = YES_ERROR;
				GCC_WARN_UNDECLARED_SELECTOR = YES;
				GCC_WARN_UNINITIALIZED_AUTOS = YES_AGGRESSIVE;
				GCC_WARN_UNUSED_FUNCTION = YES;
				GCC_WARN_UNUSED_VARIABLE = YES;
				IPHONEOS_DEPLOYMENT_TARGET = 9.2;
				MTL_ENABLE_DEBUG_INFO = NO;
				SDKROOT = iphoneos;
				TARGETED_DEVICE_FAMILY = "1,2";
				VALIDATE_PRODUCT = YES;
			};
			name = Release;
		};
		71D712351C63574A0056C970 /* Debug */ = {
			isa = XCBuildConfiguration;
			buildSettings = {
				ASSETCATALOG_COMPILER_APPICON_NAME = AppIcon;
				INFOPLIST_FILE = SwiftMovieCrawler/Info.plist;
				LD_RUNPATH_SEARCH_PATHS = "$(inherited) @executable_path/Frameworks";
				PRODUCT_BUNDLE_IDENTIFIER = com.uptscs.SwiftMovieCrawler;
				PRODUCT_NAME = "$(TARGET_NAME)";
			};
			name = Debug;
		};
		71D712361C63574A0056C970 /* Release */ = {
			isa = XCBuildConfiguration;
			buildSettings = {
				ASSETCATALOG_COMPILER_APPICON_NAME = AppIcon;
				INFOPLIST_FILE = SwiftMovieCrawler/Info.plist;
				LD_RUNPATH_SEARCH_PATHS = "$(inherited) @executable_path/Frameworks";
				PRODUCT_BUNDLE_IDENTIFIER = com.uptscs.SwiftMovieCrawler;
				PRODUCT_NAME = "$(TARGET_NAME)";
			};
			name = Release;
		};
		71D712381C63574A0056C970 /* Debug */ = {
			isa = XCBuildConfiguration;
			buildSettings = {
				BUNDLE_LOADER = "$(TEST_HOST)";
				INFOPLIST_FILE = SwiftMovieCrawlerTests/Info.plist;
				LD_RUNPATH_SEARCH_PATHS = "$(inherited) @executable_path/Frameworks @loader_path/Frameworks";
				PRODUCT_BUNDLE_IDENTIFIER = com.uptscs.SwiftMovieCrawlerTests;
				PRODUCT_NAME = "$(TARGET_NAME)";
				TEST_HOST = "$(BUILT_PRODUCTS_DIR)/SwiftMovieCrawler.app/SwiftMovieCrawler";
			};
			name = Debug;
		};
		71D712391C63574A0056C970 /* Release */ = {
			isa = XCBuildConfiguration;
			buildSettings = {
				BUNDLE_LOADER = "$(TEST_HOST)";
				INFOPLIST_FILE = SwiftMovieCrawlerTests/Info.plist;
				LD_RUNPATH_SEARCH_PATHS = "$(inherited) @executable_path/Frameworks @loader_path/Frameworks";
				PRODUCT_BUNDLE_IDENTIFIER = com.uptscs.SwiftMovieCrawlerTests;
				PRODUCT_NAME = "$(TARGET_NAME)";
				TEST_HOST = "$(BUILT_PRODUCTS_DIR)/SwiftMovieCrawler.app/SwiftMovieCrawler";
			};
			name = Release;
		};
		71D7123B1C63574A0056C970 /* Debug */ = {
			isa = XCBuildConfiguration;
			buildSettings = {
				INFOPLIST_FILE = SwiftMovieCrawlerUITests/Info.plist;
				LD_RUNPATH_SEARCH_PATHS = "$(inherited) @executable_path/Frameworks @loader_path/Frameworks";
				PRODUCT_BUNDLE_IDENTIFIER = com.uptscs.SwiftMovieCrawlerUITests;
				PRODUCT_NAME = "$(TARGET_NAME)";
				TEST_TARGET_NAME = SwiftMovieCrawler;
				USES_XCTRUNNER = YES;
			};
			name = Debug;
		};
		71D7123C1C63574A0056C970 /* Release */ = {
			isa = XCBuildConfiguration;
			buildSettings = {
				INFOPLIST_FILE = SwiftMovieCrawlerUITests/Info.plist;
				LD_RUNPATH_SEARCH_PATHS = "$(inherited) @executable_path/Frameworks @loader_path/Frameworks";
				PRODUCT_BUNDLE_IDENTIFIER = com.uptscs.SwiftMovieCrawlerUITests;
				PRODUCT_NAME = "$(TARGET_NAME)";
				TEST_TARGET_NAME = SwiftMovieCrawler;
				USES_XCTRUNNER = YES;
			};
			name = Release;
		};
/* End XCBuildConfiguration section */

/* Begin XCConfigurationList section */
		71D712071C63574A0056C970 /* Build configuration list for PBXProject "SwiftMovieCrawler" */ = {
			isa = XCConfigurationList;
			buildConfigurations = (
				71D712321C63574A0056C970 /* Debug */,
				71D712331C63574A0056C970 /* Release */,
			);
			defaultConfigurationIsVisible = 0;
			defaultConfigurationName = Release;
		};
		71D712341C63574A0056C970 /* Build configuration list for PBXNativeTarget "SwiftMovieCrawler" */ = {
			isa = XCConfigurationList;
			buildConfigurations = (
				71D712351C63574A0056C970 /* Debug */,
				71D712361C63574A0056C970 /* Release */,
			);
			defaultConfigurationIsVisible = 0;
		};
		71D712371C63574A0056C970 /* Build configuration list for PBXNativeTarget "SwiftMovieCrawlerTests" */ = {
			isa = XCConfigurationList;
			buildConfigurations = (
				71D712381C63574A0056C970 /* Debug */,
				71D712391C63574A0056C970 /* Release */,
			);
			defaultConfigurationIsVisible = 0;
		};
		71D7123A1C63574A0056C970 /* Build configuration list for PBXNativeTarget "SwiftMovieCrawlerUITests" */ = {
			isa = XCConfigurationList;
			buildConfigurations = (
				71D7123B1C63574A0056C970 /* Debug */,
				71D7123C1C63574A0056C970 /* Release */,
			);
			defaultConfigurationIsVisible = 0;
		};
/* End XCConfigurationList section */
	};
	rootObject = 71D712041C63574A0056C970 /* Project object */;
}
